
Microsoft Visual Studio Solution File, Format Version 12.00
# Visual Studio Version 17
VisualStudioVersion = 17.9.34723.18
MinimumVisualStudioVersion = 10.0.40219.1
Project("{9A19103F-16F7-4668-BE54-9A1E7A4F7556}") = "MedallionVerify", "MedallionVerify\MedallionVerify.csproj", "{49C059A5-FA2B-46BA-9DA4-2739327319D1}"
EndProject
Project("{FAE04EC0-301F-11D3-BF4B-00C04F79EFBC}") = "DistributionLockVerify.API", "DistributionLockVerify.API\DistributionLockVerify.API.csproj", "{1EC97A72-6AF5-4D52-9DF0-066EF8AC2427}"
EndProject
Global
	GlobalSection(SolutionConfigurationPlatforms) = preSolution
		Debug|Any CPU = Debug|Any CPU
		Release|Any CPU = Release|Any CPU
	EndGlobalSection
	GlobalSection(ProjectConfigurationPlatforms) = postSolution
		{49C059A5-FA2B-46BA-9DA4-2739327319D1}.Debug|Any CPU.ActiveCfg = Debug|Any CPU
		{49C059A5-FA2B-46BA-9DA4-2739327319D1}.Debug|Any CPU.Build.0 = Debug|Any CPU
		{49C059A5-FA2B-46BA-9DA4-2739327319D1}.Release|Any CPU.ActiveCfg = Release|Any CPU
		{49C059A5-FA2B-46BA-9DA4-2739327319D1}.Release|Any CPU.Build.0 = Release|Any CPU
		{1EC97A72-6AF5-4D52-9DF0-066EF8AC2427}.Debug|Any CPU.ActiveCfg = Debug|Any CPU
		{1EC97A72-6AF5-4D52-9DF0-066EF8AC2427}.Debug|Any CPU.Build.0 = Debug|Any CPU
		{1EC97A72-6AF5-4D52-9DF0-066EF8AC2427}.Release|Any CPU.ActiveCfg = Release|Any CPU
		{1EC97A72-6AF5-4D52-9DF0-066EF8AC2427}.Release|Any CPU.Build.0 = Release|Any CPU
	EndGlobalSection
	GlobalSection(SolutionProperties) = preSolution
		HideSolutionNode = FALSE
	EndGlobalSection
	GlobalSection(ExtensibilityGlobals) = postSolution
		SolutionGuid = {74D07BF5-A8D4-422D-94FA-255BE46B33DF}
	EndGlobalSection
EndGlobal
